
Microsoft Visual Studio Solution File, Format Version 12.00
# Visual Studio 15
VisualStudioVersion = 15.0.28307.572
MinimumVisualStudioVersion = 10.0.40219.1
Project("{FAE04EC0-301F-11D3-BF4B-00C04F79EFBC}") = "CursoUdemy", "CursoUdemy\CursoUdemy.csproj", "{67A101DC-418C-4EB6-9522-1400207B2C42}"
EndProject
Global
	GlobalSection(SolutionConfigurationPlatforms) = preSolution
		Debug|Any CPU = Debug|Any CPU
		Release|Any CPU = Release|Any CPU
	EndGlobalSection
	GlobalSection(ProjectConfigurationPlatforms) = postSolution
		{67A101DC-418C-4EB6-9522-1400207B2C42}.Debug|Any CPU.ActiveCfg = Debug|Any CPU
		{67A101DC-418C-4EB6-9522-1400207B2C42}.Debug|Any CPU.Build.0 = Debug|Any CPU
		{67A101DC-418C-4EB6-9522-1400207B2C42}.Release|Any CPU.ActiveCfg = Release|Any CPU
		{67A101DC-418C-4EB6-9522-1400207B2C42}.Release|Any CPU.Build.0 = Release|Any CPU
	EndGlobalSection
	GlobalSection(SolutionProperties) = preSolution
		HideSolutionNode = FALSE
	EndGlobalSection
	GlobalSection(ExtensibilityGlobals) = postSolution
		SolutionGuid = {183C0BD6-22CF-4B5D-98FD-3C473DE869EA}
	EndGlobalSection
EndGlobal
